{
  "name": "debug",
  "version": "1.0.0",
  "lockfileVersion": 2,
  "requires": true,
  "packages": {
    "": {
      "name": "debug",
      "version": "1.0.0",
      "license": "ISC",
      "dependencies": {
        "blessed": "https://github.com/zach-is-my-name/stressed.git"
      }
    },
    "node_modules/blessed": {
      "name": "@bfchain/blessed",
      "version": "0.1.82",
      "resolved": "git+ssh://git@github.com/zach-is-my-name/stressed.git#9aa4c7f525be6f7c0eb480fde1fb1a6cbbd2d404",
      "license": "MIT",
      "bin": {
        "blessed": "bin/tput.js"
      },
      "engines": {
        "node": ">= 0.8.0"
      }
    }
  },
  "dependencies": {
    "blessed": {
      "version": "git+ssh://git@github.com/zach-is-my-name/stressed.git#9aa4c7f525be6f7c0eb480fde1fb1a6cbbd2d404",
      "from": "blessed@https://github.com/zach-is-my-name/stressed.git"
    }
  }
}
