{
  "name": "debug",
  "version": "1.0.0",
  "lockfileVersion": 2,
  "requires": true,
  "packages": {
    "": {
      "name": "debug",
      "version": "1.0.0",
      "license": "ISC",
      "dependencies": {
        "blessed": "https://github.com/zach-is-my-name/stressed#bbca019a87edb8dcef30d514e43cc59ea27dac88"
      }
    },
    "node_modules/blessed": {
      "name": "@bfchain/blessed",
      "version": "0.1.82",
      "resolved": "git+ssh://git@github.com/zach-is-my-name/stressed.git#bbca019a87edb8dcef30d514e43cc59ea27dac88",
      "integrity": "sha512-aHWrXszWuUVuaMb96H/Mv2aEToA7UnSsWBtwugSmD/B8EwE+75qP311lYrWOlFDKxudyxTLQCVdQ0ALlQsP6QQ==",
      "license": "MIT",
      "bin": {
        "blessed": "bin/tput.js"
      },
      "engines": {
        "node": ">= 0.8.0"
      }
    }
  },
  "dependencies": {
    "blessed": {
      "version": "git+ssh://git@github.com/zach-is-my-name/stressed.git#bbca019a87edb8dcef30d514e43cc59ea27dac88",
      "integrity": "sha512-aHWrXszWuUVuaMb96H/Mv2aEToA7UnSsWBtwugSmD/B8EwE+75qP311lYrWOlFDKxudyxTLQCVdQ0ALlQsP6QQ==",
      "from": "blessed@https://github.com/zach-is-my-name/stressed#bbca019a87edb8dcef30d514e43cc59ea27dac88"
    }
  }
}
