{
  "name": "@bfchain/blessed",
  "version": "0.1.82",
  "lockfileVersion": 2,
  "requires": true,
  "packages": {
    "": {
      "name": "@bfchain/blessed",
      "version": "0.1.82",
      "license": "MIT",
      "bin": {
        "blessed": "bin/tput.js"
      },
      "engines": {
        "node": ">= 0.8.0"
      }
    }
  }
}
